
Microsoft Visual Studio Solution File, Format Version 12.00
# Visual Studio 15
VisualStudioVersion = 15.0.27130.2036
MinimumVisualStudioVersion = 10.0.40219.1
Project("{FAE04EC0-301F-11D3-BF4B-00C04F79EFBC}") = "ApiEmotion", "ApiEmotion\ApiEmotion.csproj", "{96FEB642-0CF6-4627-81BB-15A9C723AD56}"
EndProject
Global
	GlobalSection(SolutionConfigurationPlatforms) = preSolution
		Debug|Any CPU = Debug|Any CPU
		Release|Any CPU = Release|Any CPU
	EndGlobalSection
	GlobalSection(ProjectConfigurationPlatforms) = postSolution
		{96FEB642-0CF6-4627-81BB-15A9C723AD56}.Debug|Any CPU.ActiveCfg = Debug|Any CPU
		{96FEB642-0CF6-4627-81BB-15A9C723AD56}.Debug|Any CPU.Build.0 = Debug|Any CPU
		{96FEB642-0CF6-4627-81BB-15A9C723AD56}.Release|Any CPU.ActiveCfg = Release|Any CPU
		{96FEB642-0CF6-4627-81BB-15A9C723AD56}.Release|Any CPU.Build.0 = Release|Any CPU
	EndGlobalSection
	GlobalSection(SolutionProperties) = preSolution
		HideSolutionNode = FALSE
	EndGlobalSection
	GlobalSection(ExtensibilityGlobals) = postSolution
		SolutionGuid = {8DBCD608-C9AE-490F-9D47-49758BAF656A}
	EndGlobalSection
EndGlobal
